{
  "originHash" : "e170b4eb4c432f2e9c7f5a765b31156feaa1c39c5839d9a17281f6b13d8e0bfc",
  "pins" : [
    {
      "identity" : "aetherengine",
      "kind" : "remoteSourceControl",
      "location" : "https://github.com/Silo-Server/AetherEngine",
      "state" : {
        "revision" : "f68ad1309001d879ad69f95dd03b9c57410550b1"
      }
    },
    {
      "identity" : "asskit",
      "kind" : "remoteSourceControl",
      "location" : "https://github.com/bitxeno/AssKit",
      "state" : {
        "revision" : "0ac384f4478f86abbee826a42a79c3d0c117e96a"
      }
    },
    {
      "identity" : "ffmpegbuild",
      "kind" : "remoteSourceControl",
      "location" : "https://github.com/superuser404notfound/FFmpegBuild",
      "state" : {
        "revision" : "421e13be7061de67d91b85ac34a6b22a002b164f",
        "version" : "3.0.0"
      }
    },
    {
      "identity" : "libdovi",
      "kind" : "remoteSourceControl",
      "location" : "https://github.com/superuser404notfound/LibDovi",
      "state" : {
        "revision" : "0d7cce1d6836a30d13a3a2326e50a153af53f014",
        "version" : "2.1.0"
      }
    },
    {
      "identity" : "nuke",
      "kind" : "remoteSourceControl",
      "location" : "https://github.com/kean/Nuke",
      "state" : {
        "revision" : "30f7a7e72e0607d304fbf69c799474bd5fb6d1ce",
        "version" : "13.2.0"
      }
    },
    {
      "identity" : "smbclient",
      "kind" : "remoteSourceControl",
      "location" : "https://github.com/kishikawakatsumi/SMBClient",
      "state" : {
        "revision" : "e636c2b2458930770932a36d311ec9d478575b90",
        "version" : "0.3.1"
      }
    }
  ],
  "version" : 3
}
